// !$*UTF8*$!
{
	archiveVersion = 1;
	classes = {
	};
	objectVersion = 77;
	objects = {

/* Begin PBXContainerItemProxy section */
		7907CD6A2DC5370B001EF2E2 /* PBXContainerItemProxy */ = {
			isa = PBXContainerItemProxy;
			containerPortal = 7907CD542DC53709001EF2E2 /* Project object */;
			proxyType = 1;
			remoteGlobalIDString = 7907CD5B2DC53709001EF2E2;
			remoteInfo = TakeHomeTestResturantApp;
		};
		7907CD742DC5370B001EF2E2 /* PBXContainerItemProxy */ = {
			isa = PBXContainerItemProxy;
			containerPortal = 7907CD542DC53709001EF2E2 /* Project object */;
			proxyType = 1;
			remoteGlobalIDString = 7907CD5B2DC53709001EF2E2;
			remoteInfo = TakeHomeTestResturantApp;
		};
/* End PBXContainerItemProxy section */

/* Begin PBXFileReference section */
		7907CD5C2DC53709001EF2E2 /* TakeHomeTestResturantApp.app */ = {isa = PBXFileReference; explicitFileType = wrapper.application; includeInIndex = 0; path = TakeHomeTestResturantApp.app; sourceTree = BUILT_PRODUCTS_DIR; };
		7907CD692DC5370B001EF2E2 /* TakeHomeTestResturantAppTests.xctest */ = {isa = PBXFileReference; explicitFileType = wrapper.cfbundle; includeInIndex = 0; path = TakeHomeTestResturantAppTests.xctest; sourceTree = BUILT_PRODUCTS_DIR; };
		7907CD732DC5370B001EF2E2 /* TakeHomeTestResturantAppUITests.xctest */ = {isa = PBXFileReference; explicitFileType = wrapper.cfbundle; includeInIndex = 0; path = TakeHomeTestResturantAppUITests.xctest; sourceTree = BUILT_PRODUCTS_DIR; };
/* End PBXFileReference section */

/* Begin PBXFileSystemSynchronizedRootGroup section */
		7907CD5E2DC53709001EF2E2 /* TakeHomeTestResturantApp */ = {
			isa = PBXFileSystemSynchronizedRootGroup;
			path = TakeHomeTestResturantApp;
			sourceTree = "<group>";
		};
		7907CD6C2DC5370B001EF2E2 /* TakeHomeTestResturantAppTests */ = {
			isa = PBXFileSystemSynchronizedRootGroup;
			path = TakeHomeTestResturantAppTests;
			sourceTree = "<group>";
		};
		7907CD762DC5370B001EF2E2 /* TakeHomeTestResturantAppUITests */ = {
			isa = PBXFileSystemSynchronizedRootGroup;
			path = TakeHomeTestResturantAppUITests;
			sourceTree = "<group>";
		};
/* End PBXFileSystemSynchronizedRootGroup section */

/* Begin PBXFrameworksBuildPhase section */
		7907CD592DC53709001EF2E2 /* Frameworks */ = {
			isa = PBXFrameworksBuildPhase;
			buildActionMask = 2147483647;
			files = (
			);
			runOnlyForDeploymentPostprocessing = 0;
		};
		7907CD662DC5370B001EF2E2 /* Frameworks */ = {
			isa = PBXFrameworksBuildPhase;
			buildActionMask = 2147483647;
			files = (
			);
			runOnlyForDeploymentPostprocessing = 0;
		};
		7907CD702DC5370B001EF2E2 /* Frameworks */ = {
			isa = PBXFrameworksBuildPhase;
			buildActionMask = 2147483647;
			files = (
			);
			runOnlyForDeploymentPostprocessing = 0;
		};
/* End PBXFrameworksBuildPhase section */

/* Begin PBXGroup section */
		7907CD532DC53709001EF2E2 = {
			isa = PBXGroup;
			children = (
				7907CD5E2DC53709001EF2E2 /* TakeHomeTestResturantApp */,
				7907CD6C2DC5370B001EF2E2 /* TakeHomeTestResturantAppTests */,
				7907CD762DC5370B001EF2E2 /* TakeHomeTestResturantAppUITests */,
				7907CD5D2DC53709001EF2E2 /* Products */,
			);
			sourceTree = "<group>";
		};
		7907CD5D2DC53709001EF2E2 /* Products */ = {
			isa = PBXGroup;
			children = (
				7907CD5C2DC53709001EF2E2 /* TakeHomeTestResturantApp.app */,
				7907CD692DC5370B001EF2E2 /* TakeHomeTestResturantAppTests.xctest */,
				7907CD732DC5370B001EF2E2 /* TakeHomeTestResturantAppUITests.xctest */,
			);
			name = Products;
			sourceTree = "<group>";
		};
/* End PBXGroup section */

/* Begin PBXNativeTarget section */
		7907CD5B2DC53709001EF2E2 /* TakeHomeTestResturantApp */ = {
			isa = PBXNativeTarget;
			buildConfigurationList = 7907CD7D2DC5370B001EF2E2 /* Build configuration list for PBXNativeTarget "TakeHomeTestResturantApp" */;
			buildPhases = (
				7907CD582DC53709001EF2E2 /* Sources */,
				7907CD592DC53709001EF2E2 /* Frameworks */,
				7907CD5A2DC53709001EF2E2 /* Resources */,
			);
			buildRules = (
			);
			dependencies = (
			);
			fileSystemSynchronizedGroups = (
				7907CD5E2DC53709001EF2E2 /* TakeHomeTestResturantApp */,
			);
			name = TakeHomeTestResturantApp;
			packageProductDependencies = (
			);
			productName = TakeHomeTestResturantApp;
			productReference = 7907CD5C2DC53709001EF2E2 /* TakeHomeTestResturantApp.app */;
			productType = "com.apple.product-type.application";
		};
		7907CD682DC5370B001EF2E2 /* TakeHomeTestResturantAppTests */ = {
			isa = PBXNativeTarget;
			buildConfigurationList = 7907CD802DC5370B001EF2E2 /* Build configuration list for PBXNativeTarget "TakeHomeTestResturantAppTests" */;
			buildPhases = (
				7907CD652DC5370B001EF2E2 /* Sources */,
				7907CD662DC5370B001EF2E2 /* Frameworks */,
				7907CD672DC5370B001EF2E2 /* Resources */,
			);
			buildRules = (
			);
			dependencies = (
				7907CD6B2DC5370B001EF2E2 /* PBXTargetDependency */,
			);
			fileSystemSynchronizedGroups = (
				7907CD6C2DC5370B001EF2E2 /* TakeHomeTestResturantAppTests */,
			);
			name = TakeHomeTestResturantAppTests;
			packageProductDependencies = (
			);
			productName = TakeHomeTestResturantAppTests;
			productReference = 7907CD692DC5370B001EF2E2 /* TakeHomeTestResturantAppTests.xctest */;
			productType = "com.apple.product-type.bundle.unit-test";
		};
		7907CD722DC5370B001EF2E2 /* TakeHomeTestResturantAppUITests */ = {
			isa = PBXNativeTarget;
			buildConfigurationList = 7907CD832DC5370B001EF2E2 /* Build configuration list for PBXNativeTarget "TakeHomeTestResturantAppUITests" */;
			buildPhases = (
				7907CD6F2DC5370B001EF2E2 /* Sources */,
				7907CD702DC5370B001EF2E2 /* Frameworks */,
				7907CD712DC5370B001EF2E2 /* Resources */,
			);
			buildRules = (
			);
			dependencies = (
				7907CD752DC5370B001EF2E2 /* PBXTargetDependency */,
			);
			fileSystemSynchronizedGroups = (
				7907CD762DC5370B001EF2E2 /* TakeHomeTestResturantAppUITests */,
			);
			name = TakeHomeTestResturantAppUITests;
			packageProductDependencies = (
			);
			productName = TakeHomeTestResturantAppUITests;
			productReference = 7907CD732DC5370B001EF2E2 /* TakeHomeTestResturantAppUITests.xctest */;
			productType = "com.apple.product-type.bundle.ui-testing";
		};
/* End PBXNativeTarget section */

/* Begin PBXProject section */
		7907CD542DC53709001EF2E2 /* Project object */ = {
			isa = PBXProject;
			attributes = {
				BuildIndependentTargetsInParallel = 1;
				LastSwiftUpdateCheck = 1630;
				LastUpgradeCheck = 1630;
				TargetAttributes = {
					7907CD5B2DC53709001EF2E2 = {
						CreatedOnToolsVersion = 16.3;
					};
					7907CD682DC5370B001EF2E2 = {
						CreatedOnToolsVersion = 16.3;
						TestTargetID = 7907CD5B2DC53709001EF2E2;
					};
					7907CD722DC5370B001EF2E2 = {
						CreatedOnToolsVersion = 16.3;
						TestTargetID = 7907CD5B2DC53709001EF2E2;
					};
				};
			};
			buildConfigurationList = 7907CD572DC53709001EF2E2 /* Build configuration list for PBXProject "TakeHomeTestResturantApp" */;
			developmentRegion = en;
			hasScannedForEncodings = 0;
			knownRegions = (
				en,
				Base,
			);
			mainGroup = 7907CD532DC53709001EF2E2;
			minimizedProjectReferenceProxies = 1;
			preferredProjectObjectVersion = 77;
			productRefGroup = 7907CD5D2DC53709001EF2E2 /* Products */;
			projectDirPath = "";
			projectRoot = "";
			targets = (
				7907CD5B2DC53709001EF2E2 /* TakeHomeTestResturantApp */,
				7907CD682DC5370B001EF2E2 /* TakeHomeTestResturantAppTests */,
				7907CD722DC5370B001EF2E2 /* TakeHomeTestResturantAppUITests */,
			);
		};
/* End PBXProject section */

/* Begin PBXResourcesBuildPhase section */
		7907CD5A2DC53709001EF2E2 /* Resources */ = {
			isa = PBXResourcesBuildPhase;
			buildActionMask = 2147483647;
			files = (
			);
			runOnlyForDeploymentPostprocessing = 0;
		};
		7907CD672DC5370B001EF2E2 /* Resources */ = {
			isa = PBXResourcesBuildPhase;
			buildActionMask = 2147483647;
			files = (
			);
			runOnlyForDeploymentPostprocessing = 0;
		};
		7907CD712DC5370B001EF2E2 /* Resources */ = {
			isa = PBXResourcesBuildPhase;
			buildActionMask = 2147483647;
			files = (
			);
			runOnlyForDeploymentPostprocessing = 0;
		};
/* End PBXResourcesBuildPhase section */

/* Begin PBXSourcesBuildPhase section */
		7907CD582DC53709001EF2E2 /* Sources */ = {
			isa = PBXSourcesBuildPhase;
			buildActionMask = 2147483647;
			files = (
			);
			runOnlyForDeploymentPostprocessing = 0;
		};
		7907CD652DC5370B001EF2E2 /* Sources */ = {
			isa = PBXSourcesBuildPhase;
			buildActionMask = 2147483647;
			files = (
			);
			runOnlyForDeploymentPostprocessing = 0;
		};
		7907CD6F2DC5370B001EF2E2 /* Sources */ = {
			isa = PBXSourcesBuildPhase;
			buildActionMask = 2147483647;
			files = (
			);
			runOnlyForDeploymentPostprocessing = 0;
		};
/* End PBXSourcesBuildPhase section */

/* Begin PBXTargetDependency section */
		7907CD6B2DC5370B001EF2E2 /* PBXTargetDependency */ = {
			isa = PBXTargetDependency;
			target = 7907CD5B2DC53709001EF2E2 /* TakeHomeTestResturantApp */;
			targetProxy = 7907CD6A2DC5370B001EF2E2 /* PBXContainerItemProxy */;
		};
		7907CD752DC5370B001EF2E2 /* PBXTargetDependency */ = {
			isa = PBXTargetDependency;
			target = 7907CD5B2DC53709001EF2E2 /* TakeHomeTestResturantApp */;
			targetProxy = 7907CD742DC5370B001EF2E2 /* PBXContainerItemProxy */;
		};
/* End PBXTargetDependency section */

/* Begin XCBuildConfiguration section */
		7907CD7B2DC5370B001EF2E2 /* Debug */ = {
			isa = XCBuildConfiguration;
			buildSettings = {
				ALWAYS_SEARCH_USER_PATHS = NO;
				ASSETCATALOG_COMPILER_GENERATE_SWIFT_ASSET_SYMBOL_EXTENSIONS = YES;
				CLANG_ANALYZER_NONNULL = YES;
				CLANG_ANALYZER_NUMBER_OBJECT_CONVERSION = YES_AGGRESSIVE;
				CLANG_CXX_LANGUAGE_STANDARD = "gnu++20";
				CLANG_ENABLE_MODULES = YES;
				CLANG_ENABLE_OBJC_ARC = YES;
				CLANG_ENABLE_OBJC_WEAK = YES;
				CLANG_WARN_BLOCK_CAPTURE_AUTORELEASING = YES;
				CLANG_WARN_BOOL_CONVERSION = YES;
				CLANG_WARN_COMMA = YES;
				CLANG_WARN_CONSTANT_CONVERSION = YES;
				CLANG_WARN_DEPRECATED_OBJC_IMPLEMENTATIONS = YES;
				CLANG_WARN_DIRECT_OBJC_ISA_USAGE = YES_ERROR;
				CLANG_WARN_DOCUMENTATION_COMMENTS = YES;
				CLANG_WARN_EMPTY_BODY = YES;
				CLANG_WARN_ENUM_CONVERSION = YES;
				CLANG_WARN_INFINITE_RECURSION = YES;
				CLANG_WARN_INT_CONVERSION = YES;
				CLANG_WARN_NON_LITERAL_NULL_CONVERSION = YES;
				CLANG_WARN_OBJC_IMPLICIT_RETAIN_SELF = YES;
				CLANG_WARN_OBJC_LITERAL_CONVERSION = YES;
				CLANG_WARN_OBJC_ROOT_CLASS = YES_ERROR;
				CLANG_WARN_QUOTED_INCLUDE_IN_FRAMEWORK_HEADER = YES;
				CLANG_WARN_RANGE_LOOP_ANALYSIS = YES;
				CLANG_WARN_STRICT_PROTOTYPES = YES;
				CLANG_WARN_SUSPICIOUS_MOVE = YES;
				CLANG_WARN_UNGUARDED_AVAILABILITY = YES_AGGRESSIVE;
				CLANG_WARN_UNREACHABLE_CODE = YES;
				CLANG_WARN__DUPLICATE_METHOD_MATCH = YES;
				COPY_PHASE_STRIP = NO;
				DEBUG_INFORMATION_FORMAT = dwarf;
				DEVELOPMENT_TEAM = 7JQ8945K52;
				ENABLE_STRICT_OBJC_MSGSEND = YES;
				ENABLE_TESTABILITY = YES;
				ENABLE_USER_SCRIPT_SANDBOXING = YES;
				GCC_C_LANGUAGE_STANDARD = gnu17;
				GCC_DYNAMIC_NO_PIC = NO;
				GCC_NO_COMMON_BLOCKS = YES;
				GCC_OPTIMIZATION_LEVEL = 0;
				GCC_PREPROCESSOR_DEFINITIONS = (
					"DEBUG=1",
					"$(inherited)",
				);
				GCC_WARN_64_TO_32_BIT_CONVERSION = YES;
				GCC_WARN_ABOUT_RETURN_TYPE = YES_ERROR;
				GCC_WARN_UNDECLARED_SELECTOR = YES;
				GCC_WARN_UNINITIALIZED_AUTOS = YES_AGGRESSIVE;
				GCC_WARN_UNUSED_FUNCTION = YES;
				GCC_WARN_UNUSED_VARIABLE = YES;
				IPHONEOS_DEPLOYMENT_TARGET = 18.4;
				LOCALIZATION_PREFERS_STRING_CATALOGS = YES;
				MTL_ENABLE_DEBUG_INFO = INCLUDE_SOURCE;
				MTL_FAST_MATH = YES;
				ONLY_ACTIVE_ARCH = YES;
				SDKROOT = iphoneos;
				SWIFT_ACTIVE_COMPILATION_CONDITIONS = "DEBUG $(inherited)";
				SWIFT_OPTIMIZATION_LEVEL = "-Onone";
			};
			name = Debug;
		};
		7907CD7C2DC5370B001EF2E2 /* Release */ = {
			isa = XCBuildConfiguration;
			buildSettings = {
				ALWAYS_SEARCH_USER_PATHS = NO;
				ASSETCATALOG_COMPILER_GENERATE_SWIFT_ASSET_SYMBOL_EXTENSIONS = YES;
				CLANG_ANALYZER_NONNULL = YES;
				CLANG_ANALYZER_NUMBER_OBJECT_CONVERSION = YES_AGGRESSIVE;
				CLANG_CXX_LANGUAGE_STANDARD = "gnu++20";
				CLANG_ENABLE_MODULES = YES;
				CLANG_ENABLE_OBJC_ARC = YES;
				CLANG_ENABLE_OBJC_WEAK = YES;
				CLANG_WARN_BLOCK_CAPTURE_AUTORELEASING = YES;
				CLANG_WARN_BOOL_CONVERSION = YES;
				CLANG_WARN_COMMA = YES;
				CLANG_WARN_CONSTANT_CONVERSION = YES;
				CLANG_WARN_DEPRECATED_OBJC_IMPLEMENTATIONS = YES;
				CLANG_WARN_DIRECT_OBJC_ISA_USAGE = YES_ERROR;
				CLANG_WARN_DOCUMENTATION_COMMENTS = YES;
				CLANG_WARN_EMPTY_BODY = YES;
				CLANG_WARN_ENUM_CONVERSION = YES;
				CLANG_WARN_INFINITE_RECURSION = YES;
				CLANG_WARN_INT_CONVERSION = YES;
				CLANG_WARN_NON_LITERAL_NULL_CONVERSION = YES;
				CLANG_WARN_OBJC_IMPLICIT_RETAIN_SELF = YES;
				CLANG_WARN_OBJC_LITERAL_CONVERSION = YES;
				CLANG_WARN_OBJC_ROOT_CLASS = YES_ERROR;
				CLANG_WARN_QUOTED_INCLUDE_IN_FRAMEWORK_HEADER = YES;
				CLANG_WARN_RANGE_LOOP_ANALYSIS = YES;
				CLANG_WARN_STRICT_PROTOTYPES = YES;
				CLANG_WARN_SUSPICIOUS_MOVE = YES;
				CLANG_WARN_UNGUARDED_AVAILABILITY = YES_AGGRESSIVE;
				CLANG_WARN_UNREACHABLE_CODE = YES;
				CLANG_WARN__DUPLICATE_METHOD_MATCH = YES;
				COPY_PHASE_STRIP = NO;
				DEBUG_INFORMATION_FORMAT = "dwarf-with-dsym";
				DEVELOPMENT_TEAM = 7JQ8945K52;
				ENABLE_NS_ASSERTIONS = NO;
				ENABLE_STRICT_OBJC_MSGSEND = YES;
				ENABLE_USER_SCRIPT_SANDBOXING = YES;
				GCC_C_LANGUAGE_STANDARD = gnu17;
				GCC_NO_COMMON_BLOCKS = YES;
				GCC_WARN_64_TO_32_BIT_CONVERSION = YES;
				GCC_WARN_ABOUT_RETURN_TYPE = YES_ERROR;
				GCC_WARN_UNDECLARED_SELECTOR = YES;
				GCC_WARN_UNINITIALIZED_AUTOS = YES_AGGRESSIVE;
				GCC_WARN_UNUSED_FUNCTION = YES;
				GCC_WARN_UNUSED_VARIABLE = YES;
				IPHONEOS_DEPLOYMENT_TARGET = 18.4;
				LOCALIZATION_PREFERS_STRING_CATALOGS = YES;
				MTL_ENABLE_DEBUG_INFO = NO;
				MTL_FAST_MATH = YES;
				SDKROOT = iphoneos;
				SWIFT_COMPILATION_MODE = wholemodule;
				VALIDATE_PRODUCT = YES;
			};
			name = Release;
		};
		7907CD7E2DC5370B001EF2E2 /* Debug */ = {
			isa = XCBuildConfiguration;
			buildSettings = {
				ASSETCATALOG_COMPILER_APPICON_NAME = AppIcon;
				ASSETCATALOG_COMPILER_GLOBAL_ACCENT_COLOR_NAME = AccentColor;
				CODE_SIGN_STYLE = Automatic;
				CURRENT_PROJECT_VERSION = 1;
				DEVELOPMENT_TEAM = 7JQ8945K52;
				ENABLE_PREVIEWS = YES;
				GENERATE_INFOPLIST_FILE = YES;
				INFOPLIST_KEY_UIApplicationSceneManifest_Generation = YES;
				INFOPLIST_KEY_UIApplicationSupportsIndirectInputEvents = YES;
				INFOPLIST_KEY_UILaunchScreen_Generation = YES;
				INFOPLIST_KEY_UISupportedInterfaceOrientations_iPad = "UIInterfaceOrientationPortrait UIInterfaceOrientationPortraitUpsideDown UIInterfaceOrientationLandscapeLeft UIInterfaceOrientationLandscapeRight";
				INFOPLIST_KEY_UISupportedInterfaceOrientations_iPhone = "UIInterfaceOrientationPortrait UIInterfaceOrientationLandscapeLeft UIInterfaceOrientationLandscapeRight";
				LD_RUNPATH_SEARCH_PATHS = (
					"$(inherited)",
					"@executable_path/Frameworks",
				);
				MARKETING_VERSION = 1.0;
				PRODUCT_BUNDLE_IDENTIFIER = matt2d.TakeHomeTestResturantApp;
				PRODUCT_NAME = "$(TARGET_NAME)";
				SWIFT_EMIT_LOC_STRINGS = YES;
				SWIFT_VERSION = 5.0;
				TARGETED_DEVICE_FAMILY = "1,2";
			};
			name = Debug;
		};
		7907CD7F2DC5370B001EF2E2 /* Release */ = {
			isa = XCBuildConfiguration;
			buildSettings = {
				ASSETCATALOG_COMPILER_APPICON_NAME = AppIcon;
				ASSETCATALOG_COMPILER_GLOBAL_ACCENT_COLOR_NAME = AccentColor;
				CODE_SIGN_STYLE = Automatic;
				CURRENT_PROJECT_VERSION = 1;
				DEVELOPMENT_TEAM = 7JQ8945K52;
				ENABLE_PREVIEWS = YES;
				GENERATE_INFOPLIST_FILE = YES;
				INFOPLIST_KEY_UIApplicationSceneManifest_Generation = YES;
				INFOPLIST_KEY_UIApplicationSupportsIndirectInputEvents = YES;
				INFOPLIST_KEY_UILaunchScreen_Generation = YES;
				INFOPLIST_KEY_UISupportedInterfaceOrientations_iPad = "UIInterfaceOrientationPortrait UIInterfaceOrientationPortraitUpsideDown UIInterfaceOrientationLandscapeLeft UIInterfaceOrientationLandscapeRight";
				INFOPLIST_KEY_UISupportedInterfaceOrientations_iPhone = "UIInterfaceOrientationPortrait UIInterfaceOrientationLandscapeLeft UIInterfaceOrientationLandscapeRight";
				LD_RUNPATH_SEARCH_PATHS = (
					"$(inherited)",
					"@executable_path/Frameworks",
				);
				MARKETING_VERSION = 1.0;
				PRODUCT_BUNDLE_IDENTIFIER = matt2d.TakeHomeTestResturantApp;
				PRODUCT_NAME = "$(TARGET_NAME)";
				SWIFT_EMIT_LOC_STRINGS = YES;
				SWIFT_VERSION = 5.0;
				TARGETED_DEVICE_FAMILY = "1,2";
			};
			name = Release;
		};
		7907CD812DC5370B001EF2E2 /* Debug */ = {
			isa = XCBuildConfiguration;
			buildSettings = {
				BUNDLE_LOADER = "$(TEST_HOST)";
				CODE_SIGN_STYLE = Automatic;
				CURRENT_PROJECT_VERSION = 1;
				DEVELOPMENT_TEAM = 7JQ8945K52;
				GENERATE_INFOPLIST_FILE = YES;
				IPHONEOS_DEPLOYMENT_TARGET = 18.4;
				MARKETING_VERSION = 1.0;
				PRODUCT_BUNDLE_IDENTIFIER = matt2d.TakeHomeTestResturantAppTests;
				PRODUCT_NAME = "$(TARGET_NAME)";
				SWIFT_EMIT_LOC_STRINGS = NO;
				SWIFT_VERSION = 5.0;
				TARGETED_DEVICE_FAMILY = "1,2";
				TEST_HOST = "$(BUILT_PRODUCTS_DIR)/TakeHomeTestResturantApp.app/$(BUNDLE_EXECUTABLE_FOLDER_PATH)/TakeHomeTestResturantApp";
			};
			name = Debug;
		};
		7907CD822DC5370B001EF2E2 /* Release */ = {
			isa = XCBuildConfiguration;
			buildSettings = {
				BUNDLE_LOADER = "$(TEST_HOST)";
				CODE_SIGN_STYLE = Automatic;
				CURRENT_PROJECT_VERSION = 1;
				DEVELOPMENT_TEAM = 7JQ8945K52;
				GENERATE_INFOPLIST_FILE = YES;
				IPHONEOS_DEPLOYMENT_TARGET = 18.4;
				MARKETING_VERSION = 1.0;
				PRODUCT_BUNDLE_IDENTIFIER = matt2d.TakeHomeTestResturantAppTests;
				PRODUCT_NAME = "$(TARGET_NAME)";
				SWIFT_EMIT_LOC_STRINGS = NO;
				SWIFT_VERSION = 5.0;
				TARGETED_DEVICE_FAMILY = "1,2";
				TEST_HOST = "$(BUILT_PRODUCTS_DIR)/TakeHomeTestResturantApp.app/$(BUNDLE_EXECUTABLE_FOLDER_PATH)/TakeHomeTestResturantApp";
			};
			name = Release;
		};
		7907CD842DC5370B001EF2E2 /* Debug */ = {
			isa = XCBuildConfiguration;
			buildSettings = {
				CODE_SIGN_STYLE = Automatic;
				CURRENT_PROJECT_VERSION = 1;
				DEVELOPMENT_TEAM = 7JQ8945K52;
				GENERATE_INFOPLIST_FILE = YES;
				MARKETING_VERSION = 1.0;
				PRODUCT_BUNDLE_IDENTIFIER = matt2d.TakeHomeTestResturantAppUITests;
				PRODUCT_NAME = "$(TARGET_NAME)";
				SWIFT_EMIT_LOC_STRINGS = NO;
				SWIFT_VERSION = 5.0;
				TARGETED_DEVICE_FAMILY = "1,2";
				TEST_TARGET_NAME = TakeHomeTestResturantApp;
			};
			name = Debug;
		};
		7907CD852DC5370B001EF2E2 /* Release */ = {
			isa = XCBuildConfiguration;
			buildSettings = {
				CODE_SIGN_STYLE = Automatic;
				CURRENT_PROJECT_VERSION = 1;
				DEVELOPMENT_TEAM = 7JQ8945K52;
				GENERATE_INFOPLIST_FILE = YES;
				MARKETING_VERSION = 1.0;
				PRODUCT_BUNDLE_IDENTIFIER = matt2d.TakeHomeTestResturantAppUITests;
				PRODUCT_NAME = "$(TARGET_NAME)";
				SWIFT_EMIT_LOC_STRINGS = NO;
				SWIFT_VERSION = 5.0;
				TARGETED_DEVICE_FAMILY = "1,2";
				TEST_TARGET_NAME = TakeHomeTestResturantApp;
			};
			name = Release;
		};
/* End XCBuildConfiguration section */

/* Begin XCConfigurationList section */
		7907CD572DC53709001EF2E2 /* Build configuration list for PBXProject "TakeHomeTestResturantApp" */ = {
			isa = XCConfigurationList;
			buildConfigurations = (
				7907CD7B2DC5370B001EF2E2 /* Debug */,
				7907CD7C2DC5370B001EF2E2 /* Release */,
			);
			defaultConfigurationIsVisible = 0;
			defaultConfigurationName = Release;
		};
		7907CD7D2DC5370B001EF2E2 /* Build configuration list for PBXNativeTarget "TakeHomeTestResturantApp" */ = {
			isa = XCConfigurationList;
			buildConfigurations = (
				7907CD7E2DC5370B001EF2E2 /* Debug */,
				7907CD7F2DC5370B001EF2E2 /* Release */,
			);
			defaultConfigurationIsVisible = 0;
			defaultConfigurationName = Release;
		};
		7907CD802DC5370B001EF2E2 /* Build configuration list for PBXNativeTarget "TakeHomeTestResturantAppTests" */ = {
			isa = XCConfigurationList;
			buildConfigurations = (
				7907CD812DC5370B001EF2E2 /* Debug */,
				7907CD822DC5370B001EF2E2 /* Release */,
			);
			defaultConfigurationIsVisible = 0;
			defaultConfigurationName = Release;
		};
		7907CD832DC5370B001EF2E2 /* Build configuration list for PBXNativeTarget "TakeHomeTestResturantAppUITests" */ = {
			isa = XCConfigurationList;
			buildConfigurations = (
				7907CD842DC5370B001EF2E2 /* Debug */,
				7907CD852DC5370B001EF2E2 /* Release */,
			);
			defaultConfigurationIsVisible = 0;
			defaultConfigurationName = Release;
		};
/* End XCConfigurationList section */
	};
	rootObject = 7907CD542DC53709001EF2E2 /* Project object */;
}
